
Microsoft Visual Studio Solution File, Format Version 12.00
# Visual Studio Version 17
VisualStudioVersion = 17.14.36616.10 d17.14
MinimumVisualStudioVersion = 10.0.40219.1
Project("{FAE04EC0-301F-11D3-BF4B-00C04F79EFBC}") = "AVLTrees", "AVLTrees\AVLTrees.csproj", "{9C4BC3D9-BBF0-4C93-9B78-46F2C92B5264}"
EndProject
Global
	GlobalSection(SolutionConfigurationPlatforms) = preSolution
		Debug|Any CPU = Debug|Any CPU
		Release|Any CPU = Release|Any CPU
	EndGlobalSection
	GlobalSection(ProjectConfigurationPlatforms) = postSolution
		{9C4BC3D9-BBF0-4C93-9B78-46F2C92B5264}.Debug|Any CPU.ActiveCfg = Debug|Any CPU
		{9C4BC3D9-BBF0-4C93-9B78-46F2C92B5264}.Debug|Any CPU.Build.0 = Debug|Any CPU
		{9C4BC3D9-BBF0-4C93-9B78-46F2C92B5264}.Release|Any CPU.ActiveCfg = Release|Any CPU
		{9C4BC3D9-BBF0-4C93-9B78-46F2C92B5264}.Release|Any CPU.Build.0 = Release|Any CPU
	EndGlobalSection
	GlobalSection(SolutionProperties) = preSolution
		HideSolutionNode = FALSE
	EndGlobalSection
	GlobalSection(ExtensibilityGlobals) = postSolution
		SolutionGuid = {44D86CC8-6336-4CC1-B95E-24B2A936AAE7}
	EndGlobalSection
EndGlobal
